Microsoft Visual Studio Solution File, Format Version 10.00
# Visual C++ Express 2008
Project("{8BC9CEB8-8B4A-11D0-8D11-00A0C91BC942}") = "ExemploLua", "TowerDefenseLua\Projeto1.vcproj", "{48450316-776A-4740-AFEF-780C79FE4BC8}"
	ProjectSection(ProjectDependencies) = postProject
		{0340806F-A0DE-4D93-950F-08D79A382521} = {0340806F-A0DE-4D93-950F-08D79A382521}
		{47719681-CBC8-4B7D-B87D-9EFB44BBE9AC} = {47719681-CBC8-4B7D-B87D-9EFB44BBE9AC}
		{C6E2BF86-3CF4-4897-AB6A-CDE13514EFD1} = {C6E2BF86-3CF4-4897-AB6A-CDE13514EFD1}
		{641E9AB4-6198-468A-AD24-645B3528A41F} = {641E9AB4-6198-468A-AD24-645B3528A41F}
		{1DB867BD-F15E-47F3-86A0-5EFE73E7635D} = {1DB867BD-F15E-47F3-86A0-5EFE73E7635D}
	EndProjectSection
EndProject
Project("{8BC9CEB8-8B4A-11D0-8D11-00A0C91BC942}") = "c2d2", "..\Chien2D2\c2d2\c2d2.vcproj", "{47719681-CBC8-4B7D-B87D-9EFB44BBE9AC}"
EndProject
Project("{8BC9CEB8-8B4A-11D0-8D11-00A0C91BC942}") = "c2d2lua", "..\Chien2D2\c2d2lua\c2d2lua.vcproj", "{641E9AB4-6198-468A-AD24-645B3528A41F}"
EndProject
Project("{8BC9CEB8-8B4A-11D0-8D11-00A0C91BC942}") = "ca2", "..\Chien2D2\ca2\ca2.vcproj", "{C6E2BF86-3CF4-4897-AB6A-CDE13514EFD1}"
EndProject
Project("{8BC9CEB8-8B4A-11D0-8D11-00A0C91BC942}") = "cator", "..\Chien2D2\cator\cator.vcproj", "{1DB867BD-F15E-47F3-86A0-5EFE73E7635D}"
EndProject
Project("{8BC9CEB8-8B4A-11D0-8D11-00A0C91BC942}") = "cm2", "..\Chien2D2\cm2\cm2.vcproj", "{0340806F-A0DE-4D93-950F-08D79A382521}"
EndProject
Project("{8BC9CEB8-8B4A-11D0-8D11-00A0C91BC942}") = "01-imagens", "01-imagens\01-imagens.vcproj", "{82FDDC07-E095-4874-8CD3-FB3D10D8FCC5}"
	ProjectSection(ProjectDependencies) = postProject
		{47719681-CBC8-4B7D-B87D-9EFB44BBE9AC} = {47719681-CBC8-4B7D-B87D-9EFB44BBE9AC}
	EndProjectSection
EndProject
Project("{8BC9CEB8-8B4A-11D0-8D11-00A0C91BC942}") = "02-loopjogo", "02-loopjogo\02-loopjogo.vcproj", "{08F55BD8-6EFA-4C4D-9C84-02072E1FA903}"
	ProjectSection(ProjectDependencies) = postProject
		{47719681-CBC8-4B7D-B87D-9EFB44BBE9AC} = {47719681-CBC8-4B7D-B87D-9EFB44BBE9AC}
	EndProjectSection
EndProject
Project("{8BC9CEB8-8B4A-11D0-8D11-00A0C91BC942}") = "03-animacao", "03-animacao\03-animacao.vcproj", "{F13D4F7C-D628-45BF-8218-4A05E9E4B79C}"
	ProjectSection(ProjectDependencies) = postProject
		{47719681-CBC8-4B7D-B87D-9EFB44BBE9AC} = {47719681-CBC8-4B7D-B87D-9EFB44BBE9AC}
	EndProjectSection
EndProject
Project("{8BC9CEB8-8B4A-11D0-8D11-00A0C91BC942}") = "04-microdemo", "04-microdemo\04-microdemo.vcproj", "{3AE735F6-F8E9-4580-9A14-0CDE0DD7A968}"
	ProjectSection(ProjectDependencies) = postProject
		{47719681-CBC8-4B7D-B87D-9EFB44BBE9AC} = {47719681-CBC8-4B7D-B87D-9EFB44BBE9AC}
		{C6E2BF86-3CF4-4897-AB6A-CDE13514EFD1} = {C6E2BF86-3CF4-4897-AB6A-CDE13514EFD1}
	EndProjectSection
EndProject
Project("{8BC9CEB8-8B4A-11D0-8D11-00A0C91BC942}") = "05-megademo", "05-megademo\05-megademo.vcproj", "{C323B438-301A-4579-B158-CF39BF880107}"
	ProjectSection(ProjectDependencies) = postProject
		{47719681-CBC8-4B7D-B87D-9EFB44BBE9AC} = {47719681-CBC8-4B7D-B87D-9EFB44BBE9AC}
		{C6E2BF86-3CF4-4897-AB6A-CDE13514EFD1} = {C6E2BF86-3CF4-4897-AB6A-CDE13514EFD1}
	EndProjectSection
EndProject
Project("{8BC9CEB8-8B4A-11D0-8D11-00A0C91BC942}") = "06-baloes", "06-baloes\06-baloes.vcproj", "{B68E2170-201A-4831-8A68-368661F098B9}"
	ProjectSection(ProjectDependencies) = postProject
		{47719681-CBC8-4B7D-B87D-9EFB44BBE9AC} = {47719681-CBC8-4B7D-B87D-9EFB44BBE9AC}
		{C6E2BF86-3CF4-4897-AB6A-CDE13514EFD1} = {C6E2BF86-3CF4-4897-AB6A-CDE13514EFD1}
	EndProjectSection
EndProject
Project("{8BC9CEB8-8B4A-11D0-8D11-00A0C91BC942}") = "07-tilemap", "07-tilemap\07-tilemap.vcproj", "{FCACE8BB-FBB8-42E9-8C7A-5AACCE516C45}"
	ProjectSection(ProjectDependencies) = postProject
		{0340806F-A0DE-4D93-950F-08D79A382521} = {0340806F-A0DE-4D93-950F-08D79A382521}
		{47719681-CBC8-4B7D-B87D-9EFB44BBE9AC} = {47719681-CBC8-4B7D-B87D-9EFB44BBE9AC}
	EndProjectSection
EndProject
Global
	GlobalSection(SolutionConfigurationPlatforms) = preSolution
		Debug|Win32 = Debug|Win32
		Release|Win32 = Release|Win32
	EndGlobalSection
	GlobalSection(ProjectConfigurationPlatforms) = postSolution
		{48450316-776A-4740-AFEF-780C79FE4BC8}.Debug|Win32.ActiveCfg = Debug|Win32
		{48450316-776A-4740-AFEF-780C79FE4BC8}.Debug|Win32.Build.0 = Debug|Win32
		{48450316-776A-4740-AFEF-780C79FE4BC8}.Release|Win32.ActiveCfg = Release|Win32
		{48450316-776A-4740-AFEF-780C79FE4BC8}.Release|Win32.Build.0 = Release|Win32
		{47719681-CBC8-4B7D-B87D-9EFB44BBE9AC}.Debug|Win32.ActiveCfg = Debug|Win32
		{47719681-CBC8-4B7D-B87D-9EFB44BBE9AC}.Debug|Win32.Build.0 = Debug|Win32
		{47719681-CBC8-4B7D-B87D-9EFB44BBE9AC}.Release|Win32.ActiveCfg = Release|Win32
		{47719681-CBC8-4B7D-B87D-9EFB44BBE9AC}.Release|Win32.Build.0 = Release|Win32
		{641E9AB4-6198-468A-AD24-645B3528A41F}.Debug|Win32.ActiveCfg = Debug|Win32
		{641E9AB4-6198-468A-AD24-645B3528A41F}.Debug|Win32.Build.0 = Debug|Win32
		{641E9AB4-6198-468A-AD24-645B3528A41F}.Release|Win32.ActiveCfg = Release|Win32
		{641E9AB4-6198-468A-AD24-645B3528A41F}.Release|Win32.Build.0 = Release|Win32
		{C6E2BF86-3CF4-4897-AB6A-CDE13514EFD1}.Debug|Win32.ActiveCfg = Debug|Win32
		{C6E2BF86-3CF4-4897-AB6A-CDE13514EFD1}.Debug|Win32.Build.0 = Debug|Win32
		{C6E2BF86-3CF4-4897-AB6A-CDE13514EFD1}.Release|Win32.ActiveCfg = Release|Win32
		{C6E2BF86-3CF4-4897-AB6A-CDE13514EFD1}.Release|Win32.Build.0 = Release|Win32
		{1DB867BD-F15E-47F3-86A0-5EFE73E7635D}.Debug|Win32.ActiveCfg = Debug|Win32
		{1DB867BD-F15E-47F3-86A0-5EFE73E7635D}.Debug|Win32.Build.0 = Debug|Win32
		{1DB867BD-F15E-47F3-86A0-5EFE73E7635D}.Release|Win32.ActiveCfg = Release|Win32
		{1DB867BD-F15E-47F3-86A0-5EFE73E7635D}.Release|Win32.Build.0 = Release|Win32
		{0340806F-A0DE-4D93-950F-08D79A382521}.Debug|Win32.ActiveCfg = Debug|Win32
		{0340806F-A0DE-4D93-950F-08D79A382521}.Debug|Win32.Build.0 = Debug|Win32
		{0340806F-A0DE-4D93-950F-08D79A382521}.Release|Win32.ActiveCfg = Release|Win32
		{0340806F-A0DE-4D93-950F-08D79A382521}.Release|Win32.Build.0 = Release|Win32
		{82FDDC07-E095-4874-8CD3-FB3D10D8FCC5}.Debug|Win32.ActiveCfg = Debug|Win32
		{82FDDC07-E095-4874-8CD3-FB3D10D8FCC5}.Debug|Win32.Build.0 = Debug|Win32
		{82FDDC07-E095-4874-8CD3-FB3D10D8FCC5}.Release|Win32.ActiveCfg = Release|Win32
		{82FDDC07-E095-4874-8CD3-FB3D10D8FCC5}.Release|Win32.Build.0 = Release|Win32
		{08F55BD8-6EFA-4C4D-9C84-02072E1FA903}.Debug|Win32.ActiveCfg = Debug|Win32
		{08F55BD8-6EFA-4C4D-9C84-02072E1FA903}.Debug|Win32.Build.0 = Debug|Win32
		{08F55BD8-6EFA-4C4D-9C84-02072E1FA903}.Release|Win32.ActiveCfg = Release|Win32
		{08F55BD8-6EFA-4C4D-9C84-02072E1FA903}.Release|Win32.Build.0 = Release|Win32
		{F13D4F7C-D628-45BF-8218-4A05E9E4B79C}.Debug|Win32.ActiveCfg = Debug|Win32
		{F13D4F7C-D628-45BF-8218-4A05E9E4B79C}.Debug|Win32.Build.0 = Debug|Win32
		{F13D4F7C-D628-45BF-8218-4A05E9E4B79C}.Release|Win32.ActiveCfg = Release|Win32
		{F13D4F7C-D628-45BF-8218-4A05E9E4B79C}.Release|Win32.Build.0 = Release|Win32
		{3AE735F6-F8E9-4580-9A14-0CDE0DD7A968}.Debug|Win32.ActiveCfg = Debug|Win32
		{3AE735F6-F8E9-4580-9A14-0CDE0DD7A968}.Debug|Win32.Build.0 = Debug|Win32
		{3AE735F6-F8E9-4580-9A14-0CDE0DD7A968}.Release|Win32.ActiveCfg = Release|Win32
		{3AE735F6-F8E9-4580-9A14-0CDE0DD7A968}.Release|Win32.Build.0 = Release|Win32
		{C323B438-301A-4579-B158-CF39BF880107}.Debug|Win32.ActiveCfg = Debug|Win32
		{C323B438-301A-4579-B158-CF39BF880107}.Debug|Win32.Build.0 = Debug|Win32
		{C323B438-301A-4579-B158-CF39BF880107}.Release|Win32.ActiveCfg = Release|Win32
		{C323B438-301A-4579-B158-CF39BF880107}.Release|Win32.Build.0 = Release|Win32
		{B68E2170-201A-4831-8A68-368661F098B9}.Debug|Win32.ActiveCfg = Debug|Win32
		{B68E2170-201A-4831-8A68-368661F098B9}.Debug|Win32.Build.0 = Debug|Win32
		{B68E2170-201A-4831-8A68-368661F098B9}.Release|Win32.ActiveCfg = Release|Win32
		{B68E2170-201A-4831-8A68-368661F098B9}.Release|Win32.Build.0 = Release|Win32
		{FCACE8BB-FBB8-42E9-8C7A-5AACCE516C45}.Debug|Win32.ActiveCfg = Debug|Win32
		{FCACE8BB-FBB8-42E9-8C7A-5AACCE516C45}.Debug|Win32.Build.0 = Debug|Win32
		{FCACE8BB-FBB8-42E9-8C7A-5AACCE516C45}.Release|Win32.ActiveCfg = Release|Win32
		{FCACE8BB-FBB8-42E9-8C7A-5AACCE516C45}.Release|Win32.Build.0 = Release|Win32
	EndGlobalSection
	GlobalSection(SolutionProperties) = preSolution
		HideSolutionNode = FALSE
	EndGlobalSection
EndGlobal
